
Microsoft Visual Studio Solution File, Format Version 12.00
# Visual Studio 2013
VisualStudioVersion = 12.0.31101.0
MinimumVisualStudioVersion = 10.0.40219.1
Project("{FAE04EC0-301F-11D3-BF4B-00C04F79EFBC}") = "NDuck", "NDuck\NDuck.csproj", "{60485E8E-A55B-4C1A-8F40-C0BE4C71BC65}"
EndProject
Project("{FAE04EC0-301F-11D3-BF4B-00C04F79EFBC}") = "NDuck.Test", "NDuck.Test\NDuck.Test.csproj", "{1283E92D-E2A3-4E9A-9344-7A9E667E5A11}"
EndProject
Global
	GlobalSection(SolutionConfigurationPlatforms) = preSolution
		Debug|Any CPU = Debug|Any CPU
		Release|Any CPU = Release|Any CPU
	EndGlobalSection
	GlobalSection(ProjectConfigurationPlatforms) = postSolution
		{60485E8E-A55B-4C1A-8F40-C0BE4C71BC65}.Debug|Any CPU.ActiveCfg = Debug|Any CPU
		{60485E8E-A55B-4C1A-8F40-C0BE4C71BC65}.Debug|Any CPU.Build.0 = Debug|Any CPU
		{60485E8E-A55B-4C1A-8F40-C0BE4C71BC65}.Release|Any CPU.ActiveCfg = Release|Any CPU
		{60485E8E-A55B-4C1A-8F40-C0BE4C71BC65}.Release|Any CPU.Build.0 = Release|Any CPU
		{1283E92D-E2A3-4E9A-9344-7A9E667E5A11}.Debug|Any CPU.ActiveCfg = Debug|Any CPU
		{1283E92D-E2A3-4E9A-9344-7A9E667E5A11}.Debug|Any CPU.Build.0 = Debug|Any CPU
		{1283E92D-E2A3-4E9A-9344-7A9E667E5A11}.Release|Any CPU.ActiveCfg = Release|Any CPU
		{1283E92D-E2A3-4E9A-9344-7A9E667E5A11}.Release|Any CPU.Build.0 = Release|Any CPU
	EndGlobalSection
	GlobalSection(SolutionProperties) = preSolution
		HideSolutionNode = FALSE
	EndGlobalSection
EndGlobal
